Microsoft Visual Studio Solution File, Format Version 12.00
# Visual Studio Version 17
VisualStudioVersion = 17.5.2.0
MinimumVisualStudioVersion = 10.0.40219.1
Project("{FAE04EC0-301F-11D3-BF4B-00C04F79EFBC}") = "MattDash", "MattDash.csproj", "{4D03EDEB-CB34-8D81-A68E-CD1BC790519A}"
EndProject
Global
	GlobalSection(SolutionConfigurationPlatforms) = preSolution
		Debug|Any CPU = Debug|Any CPU
		Release|Any CPU = Release|Any CPU
	EndGlobalSection
	GlobalSection(ProjectConfigurationPlatforms) = postSolution
		{4D03EDEB-CB34-8D81-A68E-CD1BC790519A}.Debug|Any CPU.ActiveCfg = Debug|Any CPU
		{4D03EDEB-CB34-8D81-A68E-CD1BC790519A}.Debug|Any CPU.Build.0 = Debug|Any CPU
		{4D03EDEB-CB34-8D81-A68E-CD1BC790519A}.Release|Any CPU.ActiveCfg = Release|Any CPU
		{4D03EDEB-CB34-8D81-A68E-CD1BC790519A}.Release|Any CPU.Build.0 = Release|Any CPU
	EndGlobalSection
	GlobalSection(SolutionProperties) = preSolution
		HideSolutionNode = FALSE
	EndGlobalSection
	GlobalSection(ExtensibilityGlobals) = postSolution
		SolutionGuid = {E725E901-2EC3-4C1A-BA63-5AE6BE52CD0A}
	EndGlobalSection
EndGlobal
